
Microsoft Visual Studio Solution File, Format Version 12.00
# Visual Studio 2012
Project("{FAE04EC0-301F-11D3-BF4B-00C04F79EFBC}") = "LogFlow", "LogFlow\LogFlow.csproj", "{07E5B676-C473-436E-8DE6-0EE6F06E164D}"
EndProject
Project("{FAE04EC0-301F-11D3-BF4B-00C04F79EFBC}") = "LogFlow.Demo", "LogFlow.Demo\LogFlow.Demo.csproj", "{7CEFE69A-7E21-4447-A95E-2A833142E974}"
EndProject
Global
	GlobalSection(SolutionConfigurationPlatforms) = preSolution
		Debug|Any CPU = Debug|Any CPU
		Release|Any CPU = Release|Any CPU
	EndGlobalSection
	GlobalSection(ProjectConfigurationPlatforms) = postSolution
		{07E5B676-C473-436E-8DE6-0EE6F06E164D}.Debug|Any CPU.ActiveCfg = Debug|Any CPU
		{07E5B676-C473-436E-8DE6-0EE6F06E164D}.Debug|Any CPU.Build.0 = Debug|Any CPU
		{07E5B676-C473-436E-8DE6-0EE6F06E164D}.Release|Any CPU.ActiveCfg = Release|Any CPU
		{07E5B676-C473-436E-8DE6-0EE6F06E164D}.Release|Any CPU.Build.0 = Release|Any CPU
		{7CEFE69A-7E21-4447-A95E-2A833142E974}.Debug|Any CPU.ActiveCfg = Debug|Any CPU
		{7CEFE69A-7E21-4447-A95E-2A833142E974}.Debug|Any CPU.Build.0 = Debug|Any CPU
		{7CEFE69A-7E21-4447-A95E-2A833142E974}.Release|Any CPU.ActiveCfg = Release|Any CPU
		{7CEFE69A-7E21-4447-A95E-2A833142E974}.Release|Any CPU.Build.0 = Release|Any CPU
	EndGlobalSection
	GlobalSection(SolutionProperties) = preSolution
		HideSolutionNode = FALSE
	EndGlobalSection
EndGlobal
